<?xml version="1.0" encoding="UTF-8"?>
<CodeBlocks_project_file>
	<FileVersion major="1" minor="6"/>
	<Project>
		<Option title="PacketClassification"/>
		<Option makefile_is_custom="1"/>
		<Option compiler="gcc"/>
		<Option virtualFolders="CMake Files\;CMake Files\HEMBitsetsSearch\;CMake Files\MultiLevelHash\;CMake Files\TamaSearch\;CMake Files\io\;"/>
		<Build>
			<Target title="all">
				<Option working_dir="/home/swh/桌面/MyProgram/PacketClassification/20221003-GraduationDesign"/>
				<Option type="4"/>
				<MakeCommands>
					<Build command="/usr/bin/make -f &quot;/home/swh/桌面/MyProgram/PacketClassification/20221003-GraduationDesign/Makefile&quot;  VERBOSE=1 all"/>
					<CompileFile command="/usr/bin/make -f &quot;/home/swh/桌面/MyProgram/PacketClassification/20221003-GraduationDesign/Makefile&quot;  VERBOSE=1 &quot;$file&quot;"/>
					<Clean command="/usr/bin/make -f &quot;/home/swh/桌面/MyProgram/PacketClassification/20221003-GraduationDesign/Makefile&quot;  VERBOSE=1 clean"/>
					<DistClean command="/usr/bin/make -f &quot;/home/swh/桌面/MyProgram/PacketClassification/20221003-GraduationDesign/Makefile&quot;  VERBOSE=1 clean"/>
				</MakeCommands>
			</Target>
			<Target title="pcRun">
				<Option output="/home/swh/桌面/MyProgram/PacketClassification/20221003-GraduationDesign/pcRun" prefix_auto="0" extension_auto="0"/>
				<Option working_dir="/home/swh/桌面/MyProgram/PacketClassification/20221003-GraduationDesign"/>
				<Option object_output="./"/>
				<Option type="1"/>
				<Option compiler="gcc"/>
				<Compiler>
					<Add directory="/home/swh/桌面/MyProgram/PacketClassification/20221003-GraduationDesign/."/>
					<Add directory="/home/swh/桌面/MyProgram/PacketClassification/20221003-GraduationDesign/HEMBitsetsSearch"/>
					<Add directory="/home/swh/桌面/MyProgram/PacketClassification/20221003-GraduationDesign/./MultiLevelHash"/>
					<Add directory="/home/swh/桌面/MyProgram/PacketClassification/20221003-GraduationDesign/TamaSearch"/>
					<Add directory="/home/swh/桌面/MyProgram/PacketClassification/20221003-GraduationDesign/./io"/>
				</Compiler>
				<MakeCommands>
					<Build command="/usr/bin/make -f &quot;/home/swh/桌面/MyProgram/PacketClassification/20221003-GraduationDesign/Makefile&quot;  VERBOSE=1 pcRun"/>
					<CompileFile command="/usr/bin/make -f &quot;/home/swh/桌面/MyProgram/PacketClassification/20221003-GraduationDesign/Makefile&quot;  VERBOSE=1 &quot;$file&quot;"/>
					<Clean command="/usr/bin/make -f &quot;/home/swh/桌面/MyProgram/PacketClassification/20221003-GraduationDesign/Makefile&quot;  VERBOSE=1 clean"/>
					<DistClean command="/usr/bin/make -f &quot;/home/swh/桌面/MyProgram/PacketClassification/20221003-GraduationDesign/Makefile&quot;  VERBOSE=1 clean"/>
				</MakeCommands>
			</Target>
			<Target title="pcRun/fast">
				<Option output="/home/swh/桌面/MyProgram/PacketClassification/20221003-GraduationDesign/pcRun" prefix_auto="0" extension_auto="0"/>
				<Option working_dir="/home/swh/桌面/MyProgram/PacketClassification/20221003-GraduationDesign"/>
				<Option object_output="./"/>
				<Option type="1"/>
				<Option compiler="gcc"/>
				<Compiler>
					<Add directory="/home/swh/桌面/MyProgram/PacketClassification/20221003-GraduationDesign/."/>
					<Add directory="/home/swh/桌面/MyProgram/PacketClassification/20221003-GraduationDesign/HEMBitsetsSearch"/>
					<Add directory="/home/swh/桌面/MyProgram/PacketClassification/20221003-GraduationDesign/./MultiLevelHash"/>
					<Add directory="/home/swh/桌面/MyProgram/PacketClassification/20221003-GraduationDesign/TamaSearch"/>
					<Add directory="/home/swh/桌面/MyProgram/PacketClassification/20221003-GraduationDesign/./io"/>
				</Compiler>
				<MakeCommands>
					<Build command="/usr/bin/make -f &quot;/home/swh/桌面/MyProgram/PacketClassification/20221003-GraduationDesign/Makefile&quot;  VERBOSE=1 pcRun/fast"/>
					<CompileFile command="/usr/bin/make -f &quot;/home/swh/桌面/MyProgram/PacketClassification/20221003-GraduationDesign/Makefile&quot;  VERBOSE=1 &quot;$file&quot;"/>
					<Clean command="/usr/bin/make -f &quot;/home/swh/桌面/MyProgram/PacketClassification/20221003-GraduationDesign/Makefile&quot;  VERBOSE=1 clean"/>
					<DistClean command="/usr/bin/make -f &quot;/home/swh/桌面/MyProgram/PacketClassification/20221003-GraduationDesign/Makefile&quot;  VERBOSE=1 clean"/>
				</MakeCommands>
			</Target>
			<Target title="edit_cache">
				<Option working_dir="/home/swh/桌面/MyProgram/PacketClassification/20221003-GraduationDesign"/>
				<Option type="4"/>
				<MakeCommands>
					<Build command="/usr/bin/make -f &quot;/home/swh/桌面/MyProgram/PacketClassification/20221003-GraduationDesign/Makefile&quot;  VERBOSE=1 edit_cache"/>
					<CompileFile command="/usr/bin/make -f &quot;/home/swh/桌面/MyProgram/PacketClassification/20221003-GraduationDesign/Makefile&quot;  VERBOSE=1 &quot;$file&quot;"/>
					<Clean command="/usr/bin/make -f &quot;/home/swh/桌面/MyProgram/PacketClassification/20221003-GraduationDesign/Makefile&quot;  VERBOSE=1 clean"/>
					<DistClean command="/usr/bin/make -f &quot;/home/swh/桌面/MyProgram/PacketClassification/20221003-GraduationDesign/Makefile&quot;  VERBOSE=1 clean"/>
				</MakeCommands>
			</Target>
			<Target title="rebuild_cache">
				<Option working_dir="/home/swh/桌面/MyProgram/PacketClassification/20221003-GraduationDesign"/>
				<Option type="4"/>
				<MakeCommands>
					<Build command="/usr/bin/make -f &quot;/home/swh/桌面/MyProgram/PacketClassification/20221003-GraduationDesign/Makefile&quot;  VERBOSE=1 rebuild_cache"/>
					<CompileFile command="/usr/bin/make -f &quot;/home/swh/桌面/MyProgram/PacketClassification/20221003-GraduationDesign/Makefile&quot;  VERBOSE=1 &quot;$file&quot;"/>
					<Clean command="/usr/bin/make -f &quot;/home/swh/桌面/MyProgram/PacketClassification/20221003-GraduationDesign/Makefile&quot;  VERBOSE=1 clean"/>
					<DistClean command="/usr/bin/make -f &quot;/home/swh/桌面/MyProgram/PacketClassification/20221003-GraduationDesign/Makefile&quot;  VERBOSE=1 clean"/>
				</MakeCommands>
			</Target>
			<Target title="HEMBitsetsSearch">
				<Option output="/home/swh/桌面/MyProgram/PacketClassification/20221003-GraduationDesign/HEMBitsetsSearch/libHEMBitsetsSearch.a" prefix_auto="0" extension_auto="0"/>
				<Option working_dir="/home/swh/桌面/MyProgram/PacketClassification/20221003-GraduationDesign/HEMBitsetsSearch"/>
				<Option object_output="./"/>
				<Option type="2"/>
				<Option compiler="gcc"/>
				<Compiler>
					<Add directory="/home/swh/桌面/MyProgram/PacketClassification/20221003-GraduationDesign/."/>
					<Add directory="/home/swh/桌面/MyProgram/PacketClassification/20221003-GraduationDesign/HEMBitsetsSearch"/>
					<Add directory="/home/swh/桌面/MyProgram/PacketClassification/20221003-GraduationDesign/./MultiLevelHash"/>
					<Add directory="/home/swh/桌面/MyProgram/PacketClassification/20221003-GraduationDesign/TamaSearch"/>
					<Add directory="/home/swh/桌面/MyProgram/PacketClassification/20221003-GraduationDesign/./io"/>
				</Compiler>
				<MakeCommands>
					<Build command="/usr/bin/make -f &quot;/home/swh/桌面/MyProgram/PacketClassification/20221003-GraduationDesign/HEMBitsetsSearch/Makefile&quot;  VERBOSE=1 HEMBitsetsSearch"/>
					<CompileFile command="/usr/bin/make -f &quot;/home/swh/桌面/MyProgram/PacketClassification/20221003-GraduationDesign/HEMBitsetsSearch/Makefile&quot;  VERBOSE=1 &quot;$file&quot;"/>
					<Clean command="/usr/bin/make -f &quot;/home/swh/桌面/MyProgram/PacketClassification/20221003-GraduationDesign/HEMBitsetsSearch/Makefile&quot;  VERBOSE=1 clean"/>
					<DistClean command="/usr/bin/make -f &quot;/home/swh/桌面/MyProgram/PacketClassification/20221003-GraduationDesign/HEMBitsetsSearch/Makefile&quot;  VERBOSE=1 clean"/>
				</MakeCommands>
			</Target>
			<Target title="HEMBitsetsSearch/fast">
				<Option output="/home/swh/桌面/MyProgram/PacketClassification/20221003-GraduationDesign/HEMBitsetsSearch/libHEMBitsetsSearch.a" prefix_auto="0" extension_auto="0"/>
				<Option working_dir="/home/swh/桌面/MyProgram/PacketClassification/20221003-GraduationDesign/HEMBitsetsSearch"/>
				<Option object_output="./"/>
				<Option type="2"/>
				<Option compiler="gcc"/>
				<Compiler>
					<Add directory="/home/swh/桌面/MyProgram/PacketClassification/20221003-GraduationDesign/."/>
					<Add directory="/home/swh/桌面/MyProgram/PacketClassification/20221003-GraduationDesign/HEMBitsetsSearch"/>
					<Add directory="/home/swh/桌面/MyProgram/PacketClassification/20221003-GraduationDesign/./MultiLevelHash"/>
					<Add directory="/home/swh/桌面/MyProgram/PacketClassification/20221003-GraduationDesign/TamaSearch"/>
					<Add directory="/home/swh/桌面/MyProgram/PacketClassification/20221003-GraduationDesign/./io"/>
				</Compiler>
				<MakeCommands>
					<Build command="/usr/bin/make -f &quot;/home/swh/桌面/MyProgram/PacketClassification/20221003-GraduationDesign/HEMBitsetsSearch/Makefile&quot;  VERBOSE=1 HEMBitsetsSearch/fast"/>
					<CompileFile command="/usr/bin/make -f &quot;/home/swh/桌面/MyProgram/PacketClassification/20221003-GraduationDesign/HEMBitsetsSearch/Makefile&quot;  VERBOSE=1 &quot;$file&quot;"/>
					<Clean command="/usr/bin/make -f &quot;/home/swh/桌面/MyProgram/PacketClassification/20221003-GraduationDesign/HEMBitsetsSearch/Makefile&quot;  VERBOSE=1 clean"/>
					<DistClean command="/usr/bin/make -f &quot;/home/swh/桌面/MyProgram/PacketClassification/20221003-GraduationDesign/HEMBitsetsSearch/Makefile&quot;  VERBOSE=1 clean"/>
				</MakeCommands>
			</Target>
			<Target title="MultiLevelHash">
				<Option output="/home/swh/桌面/MyProgram/PacketClassification/20221003-GraduationDesign/MultiLevelHash/libMultiLevelHash.a" prefix_auto="0" extension_auto="0"/>
				<Option working_dir="/home/swh/桌面/MyProgram/PacketClassification/20221003-GraduationDesign/MultiLevelHash"/>
				<Option object_output="./"/>
				<Option type="2"/>
				<Option compiler="gcc"/>
				<Compiler>
					<Add directory="/home/swh/桌面/MyProgram/PacketClassification/20221003-GraduationDesign/."/>
					<Add directory="/home/swh/桌面/MyProgram/PacketClassification/20221003-GraduationDesign/HEMBitsetsSearch"/>
					<Add directory="/home/swh/桌面/MyProgram/PacketClassification/20221003-GraduationDesign/./MultiLevelHash"/>
					<Add directory="/home/swh/桌面/MyProgram/PacketClassification/20221003-GraduationDesign/TamaSearch"/>
					<Add directory="/home/swh/桌面/MyProgram/PacketClassification/20221003-GraduationDesign/./io"/>
				</Compiler>
				<MakeCommands>
					<Build command="/usr/bin/make -f &quot;/home/swh/桌面/MyProgram/PacketClassification/20221003-GraduationDesign/MultiLevelHash/Makefile&quot;  VERBOSE=1 MultiLevelHash"/>
					<CompileFile command="/usr/bin/make -f &quot;/home/swh/桌面/MyProgram/PacketClassification/20221003-GraduationDesign/MultiLevelHash/Makefile&quot;  VERBOSE=1 &quot;$file&quot;"/>
					<Clean command="/usr/bin/make -f &quot;/home/swh/桌面/MyProgram/PacketClassification/20221003-GraduationDesign/MultiLevelHash/Makefile&quot;  VERBOSE=1 clean"/>
					<DistClean command="/usr/bin/make -f &quot;/home/swh/桌面/MyProgram/PacketClassification/20221003-GraduationDesign/MultiLevelHash/Makefile&quot;  VERBOSE=1 clean"/>
				</MakeCommands>
			</Target>
			<Target title="MultiLevelHash/fast">
				<Option output="/home/swh/桌面/MyProgram/PacketClassification/20221003-GraduationDesign/MultiLevelHash/libMultiLevelHash.a" prefix_auto="0" extension_auto="0"/>
				<Option working_dir="/home/swh/桌面/MyProgram/PacketClassification/20221003-GraduationDesign/MultiLevelHash"/>
				<Option object_output="./"/>
				<Option type="2"/>
				<Option compiler="gcc"/>
				<Compiler>
					<Add directory="/home/swh/桌面/MyProgram/PacketClassification/20221003-GraduationDesign/."/>
					<Add directory="/home/swh/桌面/MyProgram/PacketClassification/20221003-GraduationDesign/HEMBitsetsSearch"/>
					<Add directory="/home/swh/桌面/MyProgram/PacketClassification/20221003-GraduationDesign/./MultiLevelHash"/>
					<Add directory="/home/swh/桌面/MyProgram/PacketClassification/20221003-GraduationDesign/TamaSearch"/>
					<Add directory="/home/swh/桌面/MyProgram/PacketClassification/20221003-GraduationDesign/./io"/>
				</Compiler>
				<MakeCommands>
					<Build command="/usr/bin/make -f &quot;/home/swh/桌面/MyProgram/PacketClassification/20221003-GraduationDesign/MultiLevelHash/Makefile&quot;  VERBOSE=1 MultiLevelHash/fast"/>
					<CompileFile command="/usr/bin/make -f &quot;/home/swh/桌面/MyProgram/PacketClassification/20221003-GraduationDesign/MultiLevelHash/Makefile&quot;  VERBOSE=1 &quot;$file&quot;"/>
					<Clean command="/usr/bin/make -f &quot;/home/swh/桌面/MyProgram/PacketClassification/20221003-GraduationDesign/MultiLevelHash/Makefile&quot;  VERBOSE=1 clean"/>
					<DistClean command="/usr/bin/make -f &quot;/home/swh/桌面/MyProgram/PacketClassification/20221003-GraduationDesign/MultiLevelHash/Makefile&quot;  VERBOSE=1 clean"/>
				</MakeCommands>
			</Target>
			<Target title="TamaSearch">
				<Option output="/home/swh/桌面/MyProgram/PacketClassification/20221003-GraduationDesign/TamaSearch/libTamaSearch.a" prefix_auto="0" extension_auto="0"/>
				<Option working_dir="/home/swh/桌面/MyProgram/PacketClassification/20221003-GraduationDesign/TamaSearch"/>
				<Option object_output="./"/>
				<Option type="2"/>
				<Option compiler="gcc"/>
				<Compiler>
					<Add directory="/home/swh/桌面/MyProgram/PacketClassification/20221003-GraduationDesign/."/>
					<Add directory="/home/swh/桌面/MyProgram/PacketClassification/20221003-GraduationDesign/HEMBitsetsSearch"/>
					<Add directory="/home/swh/桌面/MyProgram/PacketClassification/20221003-GraduationDesign/./MultiLevelHash"/>
					<Add directory="/home/swh/桌面/MyProgram/PacketClassification/20221003-GraduationDesign/TamaSearch"/>
					<Add directory="/home/swh/桌面/MyProgram/PacketClassification/20221003-GraduationDesign/./io"/>
				</Compiler>
				<MakeCommands>
					<Build command="/usr/bin/make -f &quot;/home/swh/桌面/MyProgram/PacketClassification/20221003-GraduationDesign/TamaSearch/Makefile&quot;  VERBOSE=1 TamaSearch"/>
					<CompileFile command="/usr/bin/make -f &quot;/home/swh/桌面/MyProgram/PacketClassification/20221003-GraduationDesign/TamaSearch/Makefile&quot;  VERBOSE=1 &quot;$file&quot;"/>
					<Clean command="/usr/bin/make -f &quot;/home/swh/桌面/MyProgram/PacketClassification/20221003-GraduationDesign/TamaSearch/Makefile&quot;  VERBOSE=1 clean"/>
					<DistClean command="/usr/bin/make -f &quot;/home/swh/桌面/MyProgram/PacketClassification/20221003-GraduationDesign/TamaSearch/Makefile&quot;  VERBOSE=1 clean"/>
				</MakeCommands>
			</Target>
			<Target title="TamaSearch/fast">
				<Option output="/home/swh/桌面/MyProgram/PacketClassification/20221003-GraduationDesign/TamaSearch/libTamaSearch.a" prefix_auto="0" extension_auto="0"/>
				<Option working_dir="/home/swh/桌面/MyProgram/PacketClassification/20221003-GraduationDesign/TamaSearch"/>
				<Option object_output="./"/>
				<Option type="2"/>
				<Option compiler="gcc"/>
				<Compiler>
					<Add directory="/home/swh/桌面/MyProgram/PacketClassification/20221003-GraduationDesign/."/>
					<Add directory="/home/swh/桌面/MyProgram/PacketClassification/20221003-GraduationDesign/HEMBitsetsSearch"/>
					<Add directory="/home/swh/桌面/MyProgram/PacketClassification/20221003-GraduationDesign/./MultiLevelHash"/>
					<Add directory="/home/swh/桌面/MyProgram/PacketClassification/20221003-GraduationDesign/TamaSearch"/>
					<Add directory="/home/swh/桌面/MyProgram/PacketClassification/20221003-GraduationDesign/./io"/>
				</Compiler>
				<MakeCommands>
					<Build command="/usr/bin/make -f &quot;/home/swh/桌面/MyProgram/PacketClassification/20221003-GraduationDesign/TamaSearch/Makefile&quot;  VERBOSE=1 TamaSearch/fast"/>
					<CompileFile command="/usr/bin/make -f &quot;/home/swh/桌面/MyProgram/PacketClassification/20221003-GraduationDesign/TamaSearch/Makefile&quot;  VERBOSE=1 &quot;$file&quot;"/>
					<Clean command="/usr/bin/make -f &quot;/home/swh/桌面/MyProgram/PacketClassification/20221003-GraduationDesign/TamaSearch/Makefile&quot;  VERBOSE=1 clean"/>
					<DistClean command="/usr/bin/make -f &quot;/home/swh/桌面/MyProgram/PacketClassification/20221003-GraduationDesign/TamaSearch/Makefile&quot;  VERBOSE=1 clean"/>
				</MakeCommands>
			</Target>
			<Target title="io">
				<Option output="/home/swh/桌面/MyProgram/PacketClassification/20221003-GraduationDesign/io/libio.a" prefix_auto="0" extension_auto="0"/>
				<Option working_dir="/home/swh/桌面/MyProgram/PacketClassification/20221003-GraduationDesign/io"/>
				<Option object_output="./"/>
				<Option type="2"/>
				<Option compiler="gcc"/>
				<Compiler>
					<Add directory="/home/swh/桌面/MyProgram/PacketClassification/20221003-GraduationDesign/."/>
					<Add directory="/home/swh/桌面/MyProgram/PacketClassification/20221003-GraduationDesign/HEMBitsetsSearch"/>
					<Add directory="/home/swh/桌面/MyProgram/PacketClassification/20221003-GraduationDesign/./MultiLevelHash"/>
					<Add directory="/home/swh/桌面/MyProgram/PacketClassification/20221003-GraduationDesign/TamaSearch"/>
					<Add directory="/home/swh/桌面/MyProgram/PacketClassification/20221003-GraduationDesign/./io"/>
				</Compiler>
				<MakeCommands>
					<Build command="/usr/bin/make -f &quot;/home/swh/桌面/MyProgram/PacketClassification/20221003-GraduationDesign/io/Makefile&quot;  VERBOSE=1 io"/>
					<CompileFile command="/usr/bin/make -f &quot;/home/swh/桌面/MyProgram/PacketClassification/20221003-GraduationDesign/io/Makefile&quot;  VERBOSE=1 &quot;$file&quot;"/>
					<Clean command="/usr/bin/make -f &quot;/home/swh/桌面/MyProgram/PacketClassification/20221003-GraduationDesign/io/Makefile&quot;  VERBOSE=1 clean"/>
					<DistClean command="/usr/bin/make -f &quot;/home/swh/桌面/MyProgram/PacketClassification/20221003-GraduationDesign/io/Makefile&quot;  VERBOSE=1 clean"/>
				</MakeCommands>
			</Target>
			<Target title="io/fast">
				<Option output="/home/swh/桌面/MyProgram/PacketClassification/20221003-GraduationDesign/io/libio.a" prefix_auto="0" extension_auto="0"/>
				<Option working_dir="/home/swh/桌面/MyProgram/PacketClassification/20221003-GraduationDesign/io"/>
				<Option object_output="./"/>
				<Option type="2"/>
				<Option compiler="gcc"/>
				<Compiler>
					<Add directory="/home/swh/桌面/MyProgram/PacketClassification/20221003-GraduationDesign/."/>
					<Add directory="/home/swh/桌面/MyProgram/PacketClassification/20221003-GraduationDesign/HEMBitsetsSearch"/>
					<Add directory="/home/swh/桌面/MyProgram/PacketClassification/20221003-GraduationDesign/./MultiLevelHash"/>
					<Add directory="/home/swh/桌面/MyProgram/PacketClassification/20221003-GraduationDesign/TamaSearch"/>
					<Add directory="/home/swh/桌面/MyProgram/PacketClassification/20221003-GraduationDesign/./io"/>
				</Compiler>
				<MakeCommands>
					<Build command="/usr/bin/make -f &quot;/home/swh/桌面/MyProgram/PacketClassification/20221003-GraduationDesign/io/Makefile&quot;  VERBOSE=1 io/fast"/>
					<CompileFile command="/usr/bin/make -f &quot;/home/swh/桌面/MyProgram/PacketClassification/20221003-GraduationDesign/io/Makefile&quot;  VERBOSE=1 &quot;$file&quot;"/>
					<Clean command="/usr/bin/make -f &quot;/home/swh/桌面/MyProgram/PacketClassification/20221003-GraduationDesign/io/Makefile&quot;  VERBOSE=1 clean"/>
					<DistClean command="/usr/bin/make -f &quot;/home/swh/桌面/MyProgram/PacketClassification/20221003-GraduationDesign/io/Makefile&quot;  VERBOSE=1 clean"/>
				</MakeCommands>
			</Target>
		</Build>
		<Unit filename="/home/swh/桌面/MyProgram/PacketClassification/20221003-GraduationDesign/HEMBitsetsSearch/HEMBS.cpp">
			<Option target="HEMBitsetsSearch"/>
		</Unit>
		<Unit filename="/home/swh/桌面/MyProgram/PacketClassification/20221003-GraduationDesign/HEMBitsetsSearch/HEMBS.h">
			<Option target="HEMBitsetsSearch"/>
		</Unit>
		<Unit filename="/home/swh/桌面/MyProgram/PacketClassification/20221003-GraduationDesign/MultiLevelHash/MultiLevelHash.cpp">
			<Option target="MultiLevelHash"/>
		</Unit>
		<Unit filename="/home/swh/桌面/MyProgram/PacketClassification/20221003-GraduationDesign/MultiLevelHash/MultiLevelHash.h">
			<Option target="MultiLevelHash"/>
		</Unit>
		<Unit filename="/home/swh/桌面/MyProgram/PacketClassification/20221003-GraduationDesign/TamaSearch/TamaSearch.cpp">
			<Option target="TamaSearch"/>
		</Unit>
		<Unit filename="/home/swh/桌面/MyProgram/PacketClassification/20221003-GraduationDesign/TamaSearch/TamaSearch.h">
			<Option target="TamaSearch"/>
		</Unit>
		<Unit filename="/home/swh/桌面/MyProgram/PacketClassification/20221003-GraduationDesign/io/Utils.cpp">
			<Option target="io"/>
		</Unit>
		<Unit filename="/home/swh/桌面/MyProgram/PacketClassification/20221003-GraduationDesign/io/Utils.h">
			<Option target="io"/>
		</Unit>
		<Unit filename="/home/swh/桌面/MyProgram/PacketClassification/20221003-GraduationDesign/io/read.cpp">
			<Option target="io"/>
		</Unit>
		<Unit filename="/home/swh/桌面/MyProgram/PacketClassification/20221003-GraduationDesign/io/read.h">
			<Option target="io"/>
		</Unit>
		<Unit filename="/home/swh/桌面/MyProgram/PacketClassification/20221003-GraduationDesign/io/tool.cpp">
			<Option target="io"/>
		</Unit>
		<Unit filename="/home/swh/桌面/MyProgram/PacketClassification/20221003-GraduationDesign/io/tool.h">
			<Option target="io"/>
		</Unit>
		<Unit filename="/home/swh/桌面/MyProgram/PacketClassification/20221003-GraduationDesign/main.cpp">
			<Option target="pcRun"/>
		</Unit>
		<Unit filename="/home/swh/桌面/MyProgram/PacketClassification/20221003-GraduationDesign/run_models.cpp">
			<Option target="pcRun"/>
		</Unit>
		<Unit filename="/home/swh/桌面/MyProgram/PacketClassification/20221003-GraduationDesign/run_models.h">
			<Option target="pcRun"/>
		</Unit>
		<Unit filename="/home/swh/桌面/MyProgram/PacketClassification/20221003-GraduationDesign/CMakeLists.txt">
			<Option virtualFolder="CMake Files\"/>
		</Unit>
		<Unit filename="/home/swh/桌面/MyProgram/PacketClassification/20221003-GraduationDesign/HEMBitsetsSearch/CMakeLists.txt">
			<Option virtualFolder="CMake Files\HEMBitsetsSearch\"/>
		</Unit>
		<Unit filename="/home/swh/桌面/MyProgram/PacketClassification/20221003-GraduationDesign/MultiLevelHash/CMakeLists.txt">
			<Option virtualFolder="CMake Files\MultiLevelHash\"/>
		</Unit>
		<Unit filename="/home/swh/桌面/MyProgram/PacketClassification/20221003-GraduationDesign/TamaSearch/CMakeLists.txt">
			<Option virtualFolder="CMake Files\TamaSearch\"/>
		</Unit>
		<Unit filename="/home/swh/桌面/MyProgram/PacketClassification/20221003-GraduationDesign/io/CMakeLists.txt">
			<Option virtualFolder="CMake Files\io\"/>
		</Unit>
	</Project>
</CodeBlocks_project_file>
